
Microsoft Visual Studio Solution File, Format Version 12.00
# Visual Studio Version 17
VisualStudioVersion = 17.2.32630.192
MinimumVisualStudioVersion = 10.0.40219.1
Project("{FAE04EC0-301F-11D3-BF4B-00C04F79EFBC}") = "TestProject1", "TestProject1\TestProject1.csproj", "{C81D9C12-985E-4563-95A0-9E8C39D196AD}"
EndProject
Global
	GlobalSection(SolutionConfigurationPlatforms) = preSolution
		Debug|Any CPU = Debug|Any CPU
		Release|Any CPU = Release|Any CPU
	EndGlobalSection
	GlobalSection(ProjectConfigurationPlatforms) = postSolution
		{C81D9C12-985E-4563-95A0-9E8C39D196AD}.Debug|Any CPU.ActiveCfg = Debug|Any CPU
		{C81D9C12-985E-4563-95A0-9E8C39D196AD}.Debug|Any CPU.Build.0 = Debug|Any CPU
		{C81D9C12-985E-4563-95A0-9E8C39D196AD}.Release|Any CPU.ActiveCfg = Release|Any CPU
		{C81D9C12-985E-4563-95A0-9E8C39D196AD}.Release|Any CPU.Build.0 = Release|Any CPU
	EndGlobalSection
	GlobalSection(SolutionProperties) = preSolution
		HideSolutionNode = FALSE
	EndGlobalSection
	GlobalSection(ExtensibilityGlobals) = postSolution
		SolutionGuid = {C79322AE-944F-430F-B5FB-300DCA9E6D04}
	EndGlobalSection
EndGlobal
